
Microsoft Visual Studio Solution File, Format Version 12.00
# Visual Studio Version 17
VisualStudioVersion = 17.11.35327.3
MinimumVisualStudioVersion = 10.0.40219.1
Project("{FAE04EC0-301F-11D3-BF4B-00C04F79EFBC}") = "Şifre Yöneticisi(Password Manager)", "Şifre Yöneticisi(Password Manager).csproj", "{7E2C2644-59D5-45E2-ACD4-ACBE19570BB9}"
EndProject
Global
	GlobalSection(SolutionConfigurationPlatforms) = preSolution
		Debug|Any CPU = Debug|Any CPU
		Release|Any CPU = Release|Any CPU
	EndGlobalSection
	GlobalSection(ProjectConfigurationPlatforms) = postSolution
		{7E2C2644-59D5-45E2-ACD4-ACBE19570BB9}.Debug|Any CPU.ActiveCfg = Debug|Any CPU
		{7E2C2644-59D5-45E2-ACD4-ACBE19570BB9}.Debug|Any CPU.Build.0 = Debug|Any CPU
		{7E2C2644-59D5-45E2-ACD4-ACBE19570BB9}.Release|Any CPU.ActiveCfg = Release|Any CPU
		{7E2C2644-59D5-45E2-ACD4-ACBE19570BB9}.Release|Any CPU.Build.0 = Release|Any CPU
	EndGlobalSection
	GlobalSection(SolutionProperties) = preSolution
		HideSolutionNode = FALSE
	EndGlobalSection
	GlobalSection(ExtensibilityGlobals) = postSolution
		SolutionGuid = {E8722E08-4395-4CF3-AEC7-3CD618559877}
	EndGlobalSection
EndGlobal
